# THIS IS AN AUTOGENERATED FILE. DO NOT EDIT THIS FILE DIRECTLY.
# yarn lockfile v1


"@types/scriptable-ios@^1.6.1":
  version "1.6.1"
  resolved "https://registry.npm.taobao.org/@types/scriptable-ios/download/@types/scriptable-ios-1.6.1.tgz#44766b47a0c0c9f92a3c1bf46214288cf3d926f4"
  integrity sha1-RHZrR6DAyfkqPBv0YhQojPPZJvQ=

prettier@^3.3.3:
  version "3.3.3"
  resolved "https://registry.yarnpkg.com/prettier/-/prettier-3.3.3.tgz#30c54fe0be0d8d12e6ae61dbb10109ea00d53105"
  integrity sha512-i2tDNA0O5IrMO757lfrdQZCc2jPNDVntV0m/+4whiDfWaTKfMNgR7Qz0NAeGz/nRqF4m5/6CLzbP4/liHt12Ew==
